// !$*UTF8*$!
{
	archiveVersion = 1;
	classes = {
	};
	objectVersion = 48;
	objects = {

/* Begin PBXBuildFile section */
		22F2E97C1EF8AE7D0057B162 /* AppDelegate.swift in Sources */ = {isa = PBXBuildFile; fileRef = 22F2E97B1EF8AE7D0057B162 /* AppDelegate.swift */; };
		22F2E97E1EF8AE7D0057B162 /* ViewController.swift in Sources */ = {isa = PBXBuildFile; fileRef = 22F2E97D1EF8AE7D0057B162 /* ViewController.swift */; };
		22F2E9811EF8AE7D0057B162 /* Main.storyboard in Resources */ = {isa = PBXBuildFile; fileRef = 22F2E97F1EF8AE7D0057B162 /* Main.storyboard */; };
		22F2E9831EF8AE7D0057B162 /* Assets.xcassets in Resources */ = {isa = PBXBuildFile; fileRef = 22F2E9821EF8AE7D0057B162 /* Assets.xcassets */; };
		22F2E9861EF8AE7D0057B162 /* LaunchScreen.storyboard in Resources */ = {isa = PBXBuildFile; fileRef = 22F2E9841EF8AE7D0057B162 /* LaunchScreen.storyboard */; };
/* End PBXBuildFile section */

/* Begin PBXFileReference section */
		22F2E9781EF8AE7D0057B162 /* GesturesAndAnimations.app */ = {isa = PBXFileReference; explicitFileType = wrapper.application; includeInIndex = 0; path = GesturesAndAnimations.app; sourceTree = BUILT_PRODUCTS_DIR; };
		22F2E97B1EF8AE7D0057B162 /* AppDelegate.swift */ = {isa = PBXFileReference; lastKnownFileType = sourcecode.swift; path = AppDelegate.swift; sourceTree = "<group>"; };
		22F2E97D1EF8AE7D0057B162 /* ViewController.swift */ = {isa = PBXFileReference; lastKnownFileType = sourcecode.swift; path = ViewController.swift; sourceTree = "<group>"; };
		22F2E9801EF8AE7D0057B162 /* Base */ = {isa = PBXFileReference; lastKnownFileType = file.storyboard; name = Base; path = Base.lproj/Main.storyboard; sourceTree = "<group>"; };
		22F2E9821EF8AE7D0057B162 /* Assets.xcassets */ = {isa = PBXFileReference; lastKnownFileType = folder.assetcatalog; path = Assets.xcassets; sourceTree = "<group>"; };
		22F2E9851EF8AE7D0057B162 /* Base */ = {isa = PBXFileReference; lastKnownFileType = file.storyboard; name = Base; path = Base.lproj/LaunchScreen.storyboard; sourceTree = "<group>"; };
		22F2E9871EF8AE7D0057B162 /* Info.plist */ = {isa = PBXFileReference; lastKnownFileType = text.plist.xml; path = Info.plist; sourceTree = "<group>"; };
/* End PBXFileReference section */

/* Begin PBXFrameworksBuildPhase section */
		22F2E9751EF8AE7D0057B162 /* Frameworks */ = {
			isa = PBXFrameworksBuildPhase;
			buildActionMask = 2147483647;
			files = (
			);
			runOnlyForDeploymentPostprocessing = 0;
		};
/* End PBXFrameworksBuildPhase section */

/* Begin PBXGroup section */
		22F2E96F1EF8AE7D0057B162 = {
			isa = PBXGroup;
			children = (
				22F2E97A1EF8AE7D0057B162 /* GesturesAndAnimations */,
				22F2E9791EF8AE7D0057B162 /* Products */,
			);
			sourceTree = "<group>";
		};
		22F2E9791EF8AE7D0057B162 /* Products */ = {
			isa = PBXGroup;
			children = (
				22F2E9781EF8AE7D0057B162 /* GesturesAndAnimations.app */,
			);
			name = Products;
			sourceTree = "<group>";
		};
		22F2E97A1EF8AE7D0057B162 /* GesturesAndAnimations */ = {
			isa = PBXGroup;
			children = (
				22F2E97B1EF8AE7D0057B162 /* AppDelegate.swift */,
				22F2E97D1EF8AE7D0057B162 /* ViewController.swift */,
				22F2E97F1EF8AE7D0057B162 /* Main.storyboard */,
				22F2E9821EF8AE7D0057B162 /* Assets.xcassets */,
				22F2E9841EF8AE7D0057B162 /* LaunchScreen.storyboard */,
				22F2E9871EF8AE7D0057B162 /* Info.plist */,
			);
			path = GesturesAndAnimations;
			sourceTree = "<group>";
		};
/* End PBXGroup section */

/* Begin PBXNativeTarget section */
		22F2E9771EF8AE7D0057B162 /* GesturesAndAnimations */ = {
			isa = PBXNativeTarget;
			buildConfigurationList = 22F2E98A1EF8AE7D0057B162 /* Build configuration list for PBXNativeTarget "GesturesAndAnimations" */;
			buildPhases = (
				22F2E9741EF8AE7D0057B162 /* Sources */,
				22F2E9751EF8AE7D0057B162 /* Frameworks */,
				22F2E9761EF8AE7D0057B162 /* Resources */,
			);
			buildRules = (
			);
			dependencies = (
			);
			name = GesturesAndAnimations;
			productName = GesturesAndAnimations;
			productReference = 22F2E9781EF8AE7D0057B162 /* GesturesAndAnimations.app */;
			productType = "com.apple.product-type.application";
		};
/* End PBXNativeTarget section */

/* Begin PBXProject section */
		22F2E9701EF8AE7D0057B162 /* Project object */ = {
			isa = PBXProject;
			attributes = {
				LastSwiftUpdateCheck = 0900;
				LastUpgradeCheck = 0900;
				ORGANIZATIONNAME = "Sam Meech-Ward";
				TargetAttributes = {
					22F2E9771EF8AE7D0057B162 = {
						CreatedOnToolsVersion = 9.0;
					};
				};
			};
			buildConfigurationList = 22F2E9731EF8AE7D0057B162 /* Build configuration list for PBXProject "GesturesAndAnimations" */;
			compatibilityVersion = "Xcode 8.0";
			developmentRegion = en;
			hasScannedForEncodings = 0;
			knownRegions = (
				en,
				Base,
			);
			mainGroup = 22F2E96F1EF8AE7D0057B162;
			productRefGroup = 22F2E9791EF8AE7D0057B162 /* Products */;
			projectDirPath = "";
			projectRoot = "";
			targets = (
				22F2E9771EF8AE7D0057B162 /* GesturesAndAnimations */,
			);
		};
/* End PBXProject section */

/* Begin PBXResourcesBuildPhase section */
		22F2E9761EF8AE7D0057B162 /* Resources */ = {
			isa = PBXResourcesBuildPhase;
			buildActionMask = 2147483647;
			files = (
				22F2E9861EF8AE7D0057B162 /* LaunchScreen.storyboard in Resources */,
				22F2E9831EF8AE7D0057B162 /* Assets.xcassets in Resources */,
				22F2E9811EF8AE7D0057B162 /* Main.storyboard in Resources */,
			);
			runOnlyForDeploymentPostprocessing = 0;
		};
/* End PBXResourcesBuildPhase section */

/* Begin PBXSourcesBuildPhase section */
		22F2E9741EF8AE7D0057B162 /* Sources */ = {
			isa = PBXSourcesBuildPhase;
			buildActionMask = 2147483647;
			files = (
				22F2E97E1EF8AE7D0057B162 /* ViewController.swift in Sources */,
				22F2E97C1EF8AE7D0057B162 /* AppDelegate.swift in Sources */,
			);
			runOnlyForDeploymentPostprocessing = 0;
		};
/* End PBXSourcesBuildPhase section */

/* Begin PBXVariantGroup section */
		22F2E97F1EF8AE7D0057B162 /* Main.storyboard */ = {
			isa = PBXVariantGroup;
			children = (
				22F2E9801EF8AE7D0057B162 /* Base */,
			);
			name = Main.storyboard;
			sourceTree = "<group>";
		};
		22F2E9841EF8AE7D0057B162 /* LaunchScreen.storyboard */ = {
			isa = PBXVariantGroup;
			children = (
				22F2E9851EF8AE7D0057B162 /* Base */,
			);
			name = LaunchScreen.storyboard;
			sourceTree = "<group>";
		};
/* End PBXVariantGroup section */

/* Begin XCBuildConfiguration section */
		22F2E9881EF8AE7D0057B162 /* Debug */ = {
			isa = XCBuildConfiguration;
			buildSettings = {
				ALWAYS_SEARCH_USER_PATHS = NO;
				CLANG_ANALYZER_NONNULL = YES;
				CLANG_ANALYZER_NUMBER_OBJECT_CONVERSION = YES_AGGRESSIVE;
				CLANG_CXX_LANGUAGE_STANDARD = "gnu++14";
				CLANG_CXX_LIBRARY = "libc++";
				CLANG_ENABLE_MODULES = YES;
				CLANG_ENABLE_OBJC_ARC = YES;
				CLANG_WARN_BLOCK_CAPTURE_AUTORELEASING = YES;
				CLANG_WARN_BOOL_CONVERSION = YES;
				CLANG_WARN_COMMA = YES;
				CLANG_WARN_CONSTANT_CONVERSION = YES;
				CLANG_WARN_DIRECT_OBJC_ISA_USAGE = YES_ERROR;
				CLANG_WARN_DOCUMENTATION_COMMENTS = YES;
				CLANG_WARN_EMPTY_BODY = YES;
				CLANG_WARN_ENUM_CONVERSION = YES;
				CLANG_WARN_INFINITE_RECURSION = YES;
				CLANG_WARN_INT_CONVERSION = YES;
				CLANG_WARN_OBJC_ROOT_CLASS = YES_ERROR;
				CLANG_WARN_RANGE_LOOP_ANALYSIS = YES;
				CLANG_WARN_STRICT_PROTOTYPES = YES;
				CLANG_WARN_SUSPICIOUS_MOVE = YES;
				CLANG_WARN_UNGUARDED_AVAILABILITY = YES_AGGRESSIVE;
				CLANG_WARN_UNREACHABLE_CODE = YES;
				CLANG_WARN__DUPLICATE_METHOD_MATCH = YES;
				CODE_SIGN_IDENTITY = "iPhone Developer";
				COPY_PHASE_STRIP = NO;
				DEBUG_INFORMATION_FORMAT = dwarf;
				ENABLE_STRICT_OBJC_MSGSEND = YES;
				ENABLE_TESTABILITY = YES;
				GCC_C_LANGUAGE_STANDARD = gnu11;
				GCC_DYNAMIC_NO_PIC = NO;
				GCC_NO_COMMON_BLOCKS = YES;
				GCC_OPTIMIZATION_LEVEL = 0;
				GCC_PREPROCESSOR_DEFINITIONS = (
					"DEBUG=1",
					"$(inherited)",
				);
				GCC_WARN_64_TO_32_BIT_CONVERSION = YES;
				GCC_WARN_ABOUT_RETURN_TYPE = YES_ERROR;
				GCC_WARN_UNDECLARED_SELECTOR = YES;
				GCC_WARN_UNINITIALIZED_AUTOS = YES_AGGRESSIVE;
				GCC_WARN_UNUSED_FUNCTION = YES;
				GCC_WARN_UNUSED_VARIABLE = YES;
				IPHONEOS_DEPLOYMENT_TARGET = 11.0;
				MTL_ENABLE_DEBUG_INFO = YES;
				ONLY_ACTIVE_ARCH = YES;
				SDKROOT = iphoneos;
				SWIFT_ACTIVE_COMPILATION_CONDITIONS = DEBUG;
				SWIFT_OPTIMIZATION_LEVEL = "-Onone";
			};
			name = Debug;
		};
		22F2E9891EF8AE7D0057B162 /* Release */ = {
			isa = XCBuildConfiguration;
			buildSettings = {
				ALWAYS_SEARCH_USER_PATHS = NO;
				CLANG_ANALYZER_NONNULL = YES;
				CLANG_ANALYZER_NUMBER_OBJECT_CONVERSION = YES_AGGRESSIVE;
				CLANG_CXX_LANGUAGE_STANDARD = "gnu++14";
				CLANG_CXX_LIBRARY = "libc++";
				CLANG_ENABLE_MODULES = YES;
				CLANG_ENABLE_OBJC_ARC = YES;
				CLANG_WARN_BLOCK_CAPTURE_AUTORELEASING = YES;
				CLANG_WARN_BOOL_CONVERSION = YES;
				CLANG_WARN_COMMA = YES;
				CLANG_WARN_CONSTANT_CONVERSION = YES;
				CLANG_WARN_DIRECT_OBJC_ISA_USAGE = YES_ERROR;
				CLANG_WARN_DOCUMENTATION_COMMENTS = YES;
				CLANG_WARN_EMPTY_BODY = YES;
				CLANG_WARN_ENUM_CONVERSION = YES;
				CLANG_WARN_INFINITE_RECURSION = YES;
				CLANG_WARN_INT_CONVERSION = YES;
				CLANG_WARN_OBJC_ROOT_CLASS = YES_ERROR;
				CLANG_WARN_RANGE_LOOP_ANALYSIS = YES;
				CLANG_WARN_STRICT_PROTOTYPES = YES;
				CLANG_WARN_SUSPICIOUS_MOVE = YES;
				CLANG_WARN_UNGUARDED_AVAILABILITY = YES_AGGRESSIVE;
				CLANG_WARN_UNREACHABLE_CODE = YES;
				CLANG_WARN__DUPLICATE_METHOD_MATCH = YES;
				CODE_SIGN_IDENTITY = "iPhone Developer";
				COPY_PHASE_STRIP = NO;
				DEBUG_INFORMATION_FORMAT = "dwarf-with-dsym";
				ENABLE_NS_ASSERTIONS = NO;
				ENABLE_STRICT_OBJC_MSGSEND = YES;
				GCC_C_LANGUAGE_STANDARD = gnu11;
				GCC_NO_COMMON_BLOCKS = YES;
				GCC_WARN_64_TO_32_BIT_CONVERSION = YES;
				GCC_WARN_ABOUT_RETURN_TYPE = YES_ERROR;
				GCC_WARN_UNDECLARED_SELECTOR = YES;
				GCC_WARN_UNINITIALIZED_AUTOS = YES_AGGRESSIVE;
				GCC_WARN_UNUSED_FUNCTION = YES;
				GCC_WARN_UNUSED_VARIABLE = YES;
				IPHONEOS_DEPLOYMENT_TARGET = 11.0;
				MTL_ENABLE_DEBUG_INFO = NO;
				SDKROOT = iphoneos;
				SWIFT_OPTIMIZATION_LEVEL = "-Owholemodule";
				VALIDATE_PRODUCT = YES;
			};
			name = Release;
		};
		22F2E98B1EF8AE7D0057B162 /* Debug */ = {
			isa = XCBuildConfiguration;
			buildSettings = {
				ASSETCATALOG_COMPILER_APPICON_NAME = AppIcon;
				DEVELOPMENT_TEAM = 7GT6EK8D4J;
				INFOPLIST_FILE = GesturesAndAnimations/Info.plist;
				LD_RUNPATH_SEARCH_PATHS = "$(inherited) @executable_path/Frameworks";
				PRODUCT_BUNDLE_IDENTIFIER = "com.meech-ward.GesturesAndAnimations";
				PRODUCT_NAME = "$(TARGET_NAME)";
				SWIFT_VERSION = 4.0;
				TARGETED_DEVICE_FAMILY = "1,2";
			};
			name = Debug;
		};
		22F2E98C1EF8AE7D0057B162 /* Release */ = {
			isa = XCBuildConfiguration;
			buildSettings = {
				ASSETCATALOG_COMPILER_APPICON_NAME = AppIcon;
				DEVELOPMENT_TEAM = 7GT6EK8D4J;
				INFOPLIST_FILE = GesturesAndAnimations/Info.plist;
				LD_RUNPATH_SEARCH_PATHS = "$(inherited) @executable_path/Frameworks";
				PRODUCT_BUNDLE_IDENTIFIER = "com.meech-ward.GesturesAndAnimations";
				PRODUCT_NAME = "$(TARGET_NAME)";
				SWIFT_VERSION = 4.0;
				TARGETED_DEVICE_FAMILY = "1,2";
			};
			name = Release;
		};
/* End XCBuildConfiguration section */

/* Begin XCConfigurationList section */
		22F2E9731EF8AE7D0057B162 /* Build configuration list for PBXProject "GesturesAndAnimations" */ = {
			isa = XCConfigurationList;
			buildConfigurations = (
				22F2E9881EF8AE7D0057B162 /* Debug */,
				22F2E9891EF8AE7D0057B162 /* Release */,
			);
			defaultConfigurationIsVisible = 0;
			defaultConfigurationName = Release;
		};
		22F2E98A1EF8AE7D0057B162 /* Build configuration list for PBXNativeTarget "GesturesAndAnimations" */ = {
			isa = XCConfigurationList;
			buildConfigurations = (
				22F2E98B1EF8AE7D0057B162 /* Debug */,
				22F2E98C1EF8AE7D0057B162 /* Release */,
			);
			defaultConfigurationIsVisible = 0;
		};
/* End XCConfigurationList section */
	};
	rootObject = 22F2E9701EF8AE7D0057B162 /* Project object */;
}
